<?xml version="1.0" encoding="utf-8"?>
<Project ToolsVersion="4.0" xmlns="http://schemas.microsoft.com/developer/msbuild/2003">
  <ItemGroup>
    <ClCompile Include="Render\Camera.cpp">
      <Filter>Render</Filter>
    </ClCompile>
    <ClCompile Include="Render\Render.cpp">
      <Filter>Render</Filter>
    </ClCompile>
    <ClCompile Include="RenderUtils.cpp" />
    <ClCompile Include="main.cpp" />
    <ClCompile Include="callbacks.cpp" />
    <ClCompile Include="Vector3D.cpp" />
    <ClCompile Include="Particula.cpp" />
    <ClCompile Include="Proyectil.cpp" />
    <ClCompile Include="FuenteParticulas.cpp" />
    <ClCompile Include="SistemaParticulas.cpp" />
    <ClCompile Include="Viento.cpp" />
    <ClCompile Include="Torbellino.cpp" />
    <ClCompile Include="Explosion.cpp" />
    <ClCompile Include="FuenteAgua.cpp" />
    <ClCompile Include="TunelViento.cpp" />
    <ClCompile Include="FuenteFuegosArtificiales.cpp" />
    <ClCompile Include="FuenteFuego.cpp" />
    <ClCompile Include="Muelle.cpp" />
    <ClCompile Include="Flotacion.cpp" />
    <ClCompile Include="Disparo.cpp" />
    <ClCompile Include="Pelota.cpp" />
    <ClCompile Include="SistemaSolidos.cpp" />
    <ClCompile Include="Solido.cpp" />
    <ClCompile Include="Mapa.cpp" />
  </ItemGroup>
  <ItemGroup>
    <ClInclude Include="core.hpp" />
    <ClInclude Include="Render\Camera.h">
      <Filter>Render</Filter>
    </ClInclude>
    <ClInclude Include="Render\Render.h">
      <Filter>Render</Filter>
    </ClInclude>
    <ClInclude Include="RenderUtils.hpp" />
    <ClInclude Include="callbacks.hpp" />
    <ClInclude Include="Vector3D.h" />
    <ClInclude Include="Particula.h" />
    <ClInclude Include="Proyectil.h" />
    <ClInclude Include="FuenteParticulas.h" />
    <ClInclude Include="SistemaParticulas.h" />
    <ClInclude Include="GeneradorFuerzas.h" />
    <ClInclude Include="Viento.h" />
    <ClInclude Include="Torbellino.h" />
    <ClInclude Include="Explosion.h" />
    <ClInclude Include="FuenteAgua.h" />
    <ClInclude Include="TunelViento.h" />
    <ClInclude Include="FuenteFuegosArtificiales.h" />
    <ClInclude Include="FuenteFuego.h" />
    <ClInclude Include="Muelle.h" />
    <ClInclude Include="Flotacion.h" />
    <ClInclude Include="Disparo.h" />
    <ClInclude Include="Pelota.h" />
    <ClInclude Include="globales.h" />
    <ClInclude Include="SistemaSolidos.h" />
    <ClInclude Include="Solido.h" />
    <ClInclude Include="Mapa.h" />
  </ItemGroup>
  <ItemGroup>
    <Filter Include="Render">
      <UniqueIdentifier>{d04b4f9f-5a69-465e-8070-25c6d0bcd3c2}</UniqueIdentifier>
    </Filter>
  </ItemGroup>
</Project>